// !$*UTF8*$!
{
	archiveVersion = 1;
	classes = {
	};
	objectVersion = 52;
	objects = {

/* Begin PBXBuildFile section */
		F48F4B2125E3BD6B003E6C2A /* github_watchApp.swift in Sources */ = {isa = PBXBuildFile; fileRef = F48F4B2025E3BD6B003E6C2A /* github_watchApp.swift */; };
		F48F4B2325E3BD6B003E6C2A /* ContentView.swift in Sources */ = {isa = PBXBuildFile; fileRef = F48F4B2225E3BD6B003E6C2A /* ContentView.swift */; };
		F48F4B2525E3BD6E003E6C2A /* Assets.xcassets in Resources */ = {isa = PBXBuildFile; fileRef = F48F4B2425E3BD6E003E6C2A /* Assets.xcassets */; };
		F48F4B2825E3BD6E003E6C2A /* Preview Assets.xcassets in Resources */ = {isa = PBXBuildFile; fileRef = F48F4B2725E3BD6E003E6C2A /* Preview Assets.xcassets */; };
		F48F4B3325E3BD6E003E6C2A /* github_watchTests.swift in Sources */ = {isa = PBXBuildFile; fileRef = F48F4B3225E3BD6E003E6C2A /* github_watchTests.swift */; };
		F48F4B3E25E3BD6E003E6C2A /* github_watchUITests.swift in Sources */ = {isa = PBXBuildFile; fileRef = F48F4B3D25E3BD6E003E6C2A /* github_watchUITests.swift */; };
		F48F4B4325E3BD6E003E6C2A /* github-watch WatchKit App.app in Embed Watch Content */ = {isa = PBXBuildFile; fileRef = F48F4B4225E3BD6E003E6C2A /* github-watch WatchKit App.app */; settings = {ATTRIBUTES = (RemoveHeadersOnCopy, ); }; };
		F48F4B4825E3BD6F003E6C2A /* Assets.xcassets in Resources */ = {isa = PBXBuildFile; fileRef = F48F4B4725E3BD6F003E6C2A /* Assets.xcassets */; };
		F48F4B4F25E3BD70003E6C2A /* github-watch WatchKit Extension.appex in Embed App Extensions */ = {isa = PBXBuildFile; fileRef = F48F4B4E25E3BD70003E6C2A /* github-watch WatchKit Extension.appex */; settings = {ATTRIBUTES = (RemoveHeadersOnCopy, ); }; };
		F48F4B5425E3BD70003E6C2A /* github_watchApp.swift in Sources */ = {isa = PBXBuildFile; fileRef = F48F4B5325E3BD70003E6C2A /* github_watchApp.swift */; };
		F48F4B5625E3BD70003E6C2A /* ContentView.swift in Sources */ = {isa = PBXBuildFile; fileRef = F48F4B5525E3BD70003E6C2A /* ContentView.swift */; };
		F48F4B5825E3BD70003E6C2A /* NotificationController.swift in Sources */ = {isa = PBXBuildFile; fileRef = F48F4B5725E3BD70003E6C2A /* NotificationController.swift */; };
		F48F4B5A25E3BD70003E6C2A /* NotificationView.swift in Sources */ = {isa = PBXBuildFile; fileRef = F48F4B5925E3BD70003E6C2A /* NotificationView.swift */; };
		F48F4B5C25E3BD70003E6C2A /* ComplicationController.swift in Sources */ = {isa = PBXBuildFile; fileRef = F48F4B5B25E3BD70003E6C2A /* ComplicationController.swift */; };
		F48F4B5E25E3BD71003E6C2A /* Assets.xcassets in Resources */ = {isa = PBXBuildFile; fileRef = F48F4B5D25E3BD71003E6C2A /* Assets.xcassets */; };
		F48F4B6125E3BD71003E6C2A /* Preview Assets.xcassets in Resources */ = {isa = PBXBuildFile; fileRef = F48F4B6025E3BD71003E6C2A /* Preview Assets.xcassets */; };
		F48F4B7E25E3C152003E6C2A /* keys.swift in Sources */ = {isa = PBXBuildFile; fileRef = F48F4B7D25E3C152003E6C2A /* keys.swift */; };
		F48F4B9625E3C261003E6C2A /* GitHubAuth.swift in Sources */ = {isa = PBXBuildFile; fileRef = F48F4B9525E3C261003E6C2A /* GitHubAuth.swift */; };
		F48F4BA625E3C29F003E6C2A /* AppState.swift in Sources */ = {isa = PBXBuildFile; fileRef = F48F4BA525E3C29F003E6C2A /* AppState.swift */; };
		F48F4BB425E3C2BC003E6C2A /* User.swift in Sources */ = {isa = PBXBuildFile; fileRef = F48F4BB325E3C2BC003E6C2A /* User.swift */; };
		F48F4BC225E3C2EA003E6C2A /* AuthInteractor.swift in Sources */ = {isa = PBXBuildFile; fileRef = F48F4BC125E3C2EA003E6C2A /* AuthInteractor.swift */; };
		F48F4BCF25E3C301003E6C2A /* AuthRepository.swift in Sources */ = {isa = PBXBuildFile; fileRef = F48F4BCE25E3C301003E6C2A /* AuthRepository.swift */; };
		F48F4BDC25E3C37D003E6C2A /* WebView in Frameworks */ = {isa = PBXBuildFile; productRef = F48F4BDB25E3C37D003E6C2A /* WebView */; };
		F48F4BE425E3C3A5003E6C2A /* SwiftyJSON in Frameworks */ = {isa = PBXBuildFile; productRef = F48F4BE325E3C3A5003E6C2A /* SwiftyJSON */; };
		F48F4BEC25E3C49C003E6C2A /* URL.swift in Sources */ = {isa = PBXBuildFile; fileRef = F48F4BEB25E3C49C003E6C2A /* URL.swift */; };
		F48F4BF925E4047B003E6C2A /* ConnectivityController.swift in Sources */ = {isa = PBXBuildFile; fileRef = F48F4BF825E4047B003E6C2A /* ConnectivityController.swift */; };
		F48F4C1225E4065A003E6C2A /* Home.swift in Sources */ = {isa = PBXBuildFile; fileRef = F48F4C1125E4065A003E6C2A /* Home.swift */; };
		F48F4C1825E40781003E6C2A /* keys.swift in Sources */ = {isa = PBXBuildFile; fileRef = F48F4B7D25E3C152003E6C2A /* keys.swift */; };
		F48F4C2C25E407C3003E6C2A /* Home.swift in Sources */ = {isa = PBXBuildFile; fileRef = F48F4C2B25E407C3003E6C2A /* Home.swift */; };
		F48F4C3C25E40837003E6C2A /* AppState.swift in Sources */ = {isa = PBXBuildFile; fileRef = F48F4C3B25E40837003E6C2A /* AppState.swift */; };
		F48F4C4425E40862003E6C2A /* AuthUser.swift in Sources */ = {isa = PBXBuildFile; fileRef = F48F4C4325E40862003E6C2A /* AuthUser.swift */; };
		F48F4C4C25E4088E003E6C2A /* ProfileInteractor.swift in Sources */ = {isa = PBXBuildFile; fileRef = F48F4C4B25E4088E003E6C2A /* ProfileInteractor.swift */; };
		F48F4C5925E408C1003E6C2A /* ConnectivityController.swift in Sources */ = {isa = PBXBuildFile; fileRef = F48F4C5825E408C1003E6C2A /* ConnectivityController.swift */; };
		F48F4C6125E40DC5003E6C2A /* ProfileRepository.swift in Sources */ = {isa = PBXBuildFile; fileRef = F48F4C6025E40DC5003E6C2A /* ProfileRepository.swift */; };
		F48F4C6E25E40EE3003E6C2A /* SwiftyJSON in Frameworks */ = {isa = PBXBuildFile; productRef = F48F4C6D25E40EE3003E6C2A /* SwiftyJSON */; };
		F48F4C7B25E42101003E6C2A /* AuthInteractor.swift in Sources */ = {isa = PBXBuildFile; fileRef = F48F4C7A25E42101003E6C2A /* AuthInteractor.swift */; };
		F48F4C9225E42DAD003E6C2A /* ProfileUser.swift in Sources */ = {isa = PBXBuildFile; fileRef = F48F4C9125E42DAD003E6C2A /* ProfileUser.swift */; };
		F48F4C9A25E432C8003E6C2A /* ViewUser.swift in Sources */ = {isa = PBXBuildFile; fileRef = F48F4C9925E432C8003E6C2A /* ViewUser.swift */; };
		F48F4CA725E43519003E6C2A /* UserProfile.swift in Sources */ = {isa = PBXBuildFile; fileRef = F48F4CA625E43519003E6C2A /* UserProfile.swift */; };
		F48F4CB425E43AEE003E6C2A /* UserView.swift in Sources */ = {isa = PBXBuildFile; fileRef = F48F4CB325E43AEE003E6C2A /* UserView.swift */; };
		F48F4CC125E43DC6003E6C2A /* URLImage in Frameworks */ = {isa = PBXBuildFile; productRef = F48F4CC025E43DC6003E6C2A /* URLImage */; };
		F49A657E25E4E62B00F7893C /* RepoRepository.swift in Sources */ = {isa = PBXBuildFile; fileRef = F49A657D25E4E62B00F7893C /* RepoRepository.swift */; };
		F49A65A125E4E6E600F7893C /* UserRepos.swift in Sources */ = {isa = PBXBuildFile; fileRef = F49A65A025E4E6E600F7893C /* UserRepos.swift */; };
		F49A65A925E4E8C800F7893C /* RepoInteractor.swift in Sources */ = {isa = PBXBuildFile; fileRef = F49A65A825E4E8C800F7893C /* RepoInteractor.swift */; };
		F49A65B225E4F48300F7893C /* Repo.swift in Sources */ = {isa = PBXBuildFile; fileRef = F49A65B125E4F48300F7893C /* Repo.swift */; };
		F49A65BA25E4F71200F7893C /* FileDownloader.swift in Sources */ = {isa = PBXBuildFile; fileRef = F49A65B925E4F71200F7893C /* FileDownloader.swift */; };
		F49A65DC25E50CE500F7893C /* Markdown.swift in Sources */ = {isa = PBXBuildFile; fileRef = F49A65DB25E50CE500F7893C /* Markdown.swift */; };
		F49A66A525E525C800F7893C /* Parma in Frameworks */ = {isa = PBXBuildFile; productRef = F49A66A425E525C800F7893C /* Parma */; };
		F49A66AD25E52EC900F7893C /* RepoView.swift in Sources */ = {isa = PBXBuildFile; fileRef = F49A66AC25E52EC900F7893C /* RepoView.swift */; };
		F49A66C925E5397100F7893C /* String.swift in Sources */ = {isa = PBXBuildFile; fileRef = F49A66C825E5397100F7893C /* String.swift */; };
		F49A66D625E53B0800F7893C /* MarkdownInteractor.swift in Sources */ = {isa = PBXBuildFile; fileRef = F49A66D525E53B0800F7893C /* MarkdownInteractor.swift */; };
		F49A66E325E53B6000F7893C /* MarkdownRepository.swift in Sources */ = {isa = PBXBuildFile; fileRef = F49A66E225E53B6000F7893C /* MarkdownRepository.swift */; };
		F4EA954E25E5A43500F702ED /* BottomNavRow.swift in Sources */ = {isa = PBXBuildFile; fileRef = F4EA954D25E5A43500F702ED /* BottomNavRow.swift */; };
		F4EA956025E5AFA600F702ED /* SearchRepos.swift in Sources */ = {isa = PBXBuildFile; fileRef = F4EA955F25E5AFA600F702ED /* SearchRepos.swift */; };
		F4EA956D25E5B00D00F702ED /* SearchReposList.swift in Sources */ = {isa = PBXBuildFile; fileRef = F4EA956C25E5B00D00F702ED /* SearchReposList.swift */; };
		F4EA957B25E5B2C000F702ED /* MiniRepoView.swift in Sources */ = {isa = PBXBuildFile; fileRef = F4EA957A25E5B2C000F702ED /* MiniRepoView.swift */; };
		F4EA958225E5B3D000F702ED /* Int.swift in Sources */ = {isa = PBXBuildFile; fileRef = F4EA958125E5B3D000F702ED /* Int.swift */; };
		F4EA958A25E5BBCF00F702ED /* FollowStatViwe.swift in Sources */ = {isa = PBXBuildFile; fileRef = F4EA958925E5BBCF00F702ED /* FollowStatViwe.swift */; };
		F4F2A40D25E7ABFC00C8B943 /* Utils.swift in Sources */ = {isa = PBXBuildFile; fileRef = F4F2A40C25E7ABFC00C8B943 /* Utils.swift */; };
		F4F2A41A25E7AF5400C8B943 /* OrganizationsList.swift in Sources */ = {isa = PBXBuildFile; fileRef = F4F2A41925E7AF5400C8B943 /* OrganizationsList.swift */; };
		F4F2A43125E7B83100C8B943 /* MiniUserView.swift in Sources */ = {isa = PBXBuildFile; fileRef = F4F2A43025E7B83100C8B943 /* MiniUserView.swift */; };
		F4F2A43925E7B96E00C8B943 /* UserImage.swift in Sources */ = {isa = PBXBuildFile; fileRef = F4F2A43825E7B96E00C8B943 /* UserImage.swift */; };
/* End PBXBuildFile section */

/* Begin PBXContainerItemProxy section */
		F48F4B2F25E3BD6E003E6C2A /* PBXContainerItemProxy */ = {
			isa = PBXContainerItemProxy;
			containerPortal = F48F4B1525E3BD6A003E6C2A /* Project object */;
			proxyType = 1;
			remoteGlobalIDString = F48F4B1C25E3BD6B003E6C2A;
			remoteInfo = "github-watch";
		};
		F48F4B3A25E3BD6E003E6C2A /* PBXContainerItemProxy */ = {
			isa = PBXContainerItemProxy;
			containerPortal = F48F4B1525E3BD6A003E6C2A /* Project object */;
			proxyType = 1;
			remoteGlobalIDString = F48F4B1C25E3BD6B003E6C2A;
			remoteInfo = "github-watch";
		};
		F48F4B4425E3BD6E003E6C2A /* PBXContainerItemProxy */ = {
			isa = PBXContainerItemProxy;
			containerPortal = F48F4B1525E3BD6A003E6C2A /* Project object */;
			proxyType = 1;
			remoteGlobalIDString = F48F4B4125E3BD6E003E6C2A;
			remoteInfo = "github-watch WatchKit App";
		};
		F48F4B5025E3BD70003E6C2A /* PBXContainerItemProxy */ = {
			isa = PBXContainerItemProxy;
			containerPortal = F48F4B1525E3BD6A003E6C2A /* Project object */;
			proxyType = 1;
			remoteGlobalIDString = F48F4B4D25E3BD70003E6C2A;
			remoteInfo = "github-watch WatchKit Extension";
		};
/* End PBXContainerItemProxy section */

/* Begin PBXCopyFilesBuildPhase section */
		F48F4B6925E3BD71003E6C2A /* Embed App Extensions */ = {
			isa = PBXCopyFilesBuildPhase;
			buildActionMask = 2147483647;
			dstPath = "";
			dstSubfolderSpec = 13;
			files = (
				F48F4B4F25E3BD70003E6C2A /* github-watch WatchKit Extension.appex in Embed App Extensions */,
			);
			name = "Embed App Extensions";
			runOnlyForDeploymentPostprocessing = 0;
		};
		F48F4B6D25E3BD71003E6C2A /* Embed Watch Content */ = {
			isa = PBXCopyFilesBuildPhase;
			buildActionMask = 2147483647;
			dstPath = "$(CONTENTS_FOLDER_PATH)/Watch";
			dstSubfolderSpec = 16;
			files = (
				F48F4B4325E3BD6E003E6C2A /* github-watch WatchKit App.app in Embed Watch Content */,
			);
			name = "Embed Watch Content";
			runOnlyForDeploymentPostprocessing = 0;
		};
/* End PBXCopyFilesBuildPhase section */

/* Begin PBXFileReference section */
		F48F4B1D25E3BD6B003E6C2A /* github-watch.app */ = {isa = PBXFileReference; explicitFileType = wrapper.application; includeInIndex = 0; path = "github-watch.app"; sourceTree = BUILT_PRODUCTS_DIR; };
		F48F4B2025E3BD6B003E6C2A /* github_watchApp.swift */ = {isa = PBXFileReference; lastKnownFileType = sourcecode.swift; path = github_watchApp.swift; sourceTree = "<group>"; };
		F48F4B2225E3BD6B003E6C2A /* ContentView.swift */ = {isa = PBXFileReference; lastKnownFileType = sourcecode.swift; path = ContentView.swift; sourceTree = "<group>"; };
		F48F4B2425E3BD6E003E6C2A /* Assets.xcassets */ = {isa = PBXFileReference; lastKnownFileType = folder.assetcatalog; path = Assets.xcassets; sourceTree = "<group>"; };
		F48F4B2725E3BD6E003E6C2A /* Preview Assets.xcassets */ = {isa = PBXFileReference; lastKnownFileType = folder.assetcatalog; path = "Preview Assets.xcassets"; sourceTree = "<group>"; };
		F48F4B2925E3BD6E003E6C2A /* Info.plist */ = {isa = PBXFileReference; lastKnownFileType = text.plist.xml; path = Info.plist; sourceTree = "<group>"; };
		F48F4B2E25E3BD6E003E6C2A /* github-watchTests.xctest */ = {isa = PBXFileReference; explicitFileType = wrapper.cfbundle; includeInIndex = 0; path = "github-watchTests.xctest"; sourceTree = BUILT_PRODUCTS_DIR; };
		F48F4B3225E3BD6E003E6C2A /* github_watchTests.swift */ = {isa = PBXFileReference; lastKnownFileType = sourcecode.swift; path = github_watchTests.swift; sourceTree = "<group>"; };
		F48F4B3425E3BD6E003E6C2A /* Info.plist */ = {isa = PBXFileReference; lastKnownFileType = text.plist.xml; path = Info.plist; sourceTree = "<group>"; };
		F48F4B3925E3BD6E003E6C2A /* github-watchUITests.xctest */ = {isa = PBXFileReference; explicitFileType = wrapper.cfbundle; includeInIndex = 0; path = "github-watchUITests.xctest"; sourceTree = BUILT_PRODUCTS_DIR; };
		F48F4B3D25E3BD6E003E6C2A /* github_watchUITests.swift */ = {isa = PBXFileReference; lastKnownFileType = sourcecode.swift; path = github_watchUITests.swift; sourceTree = "<group>"; };
		F48F4B3F25E3BD6E003E6C2A /* Info.plist */ = {isa = PBXFileReference; lastKnownFileType = text.plist.xml; path = Info.plist; sourceTree = "<group>"; };
		F48F4B4225E3BD6E003E6C2A /* github-watch WatchKit App.app */ = {isa = PBXFileReference; explicitFileType = wrapper.application; includeInIndex = 0; path = "github-watch WatchKit App.app"; sourceTree = BUILT_PRODUCTS_DIR; };
		F48F4B4725E3BD6F003E6C2A /* Assets.xcassets */ = {isa = PBXFileReference; lastKnownFileType = folder.assetcatalog; path = Assets.xcassets; sourceTree = "<group>"; };
		F48F4B4925E3BD6F003E6C2A /* Info.plist */ = {isa = PBXFileReference; lastKnownFileType = text.plist.xml; path = Info.plist; sourceTree = "<group>"; };
		F48F4B4E25E3BD70003E6C2A /* github-watch WatchKit Extension.appex */ = {isa = PBXFileReference; explicitFileType = "wrapper.app-extension"; includeInIndex = 0; path = "github-watch WatchKit Extension.appex"; sourceTree = BUILT_PRODUCTS_DIR; };
		F48F4B5325E3BD70003E6C2A /* github_watchApp.swift */ = {isa = PBXFileReference; lastKnownFileType = sourcecode.swift; path = github_watchApp.swift; sourceTree = "<group>"; };
		F48F4B5525E3BD70003E6C2A /* ContentView.swift */ = {isa = PBXFileReference; lastKnownFileType = sourcecode.swift; path = ContentView.swift; sourceTree = "<group>"; };
		F48F4B5725E3BD70003E6C2A /* NotificationController.swift */ = {isa = PBXFileReference; lastKnownFileType = sourcecode.swift; path = NotificationController.swift; sourceTree = "<group>"; };
		F48F4B5925E3BD70003E6C2A /* NotificationView.swift */ = {isa = PBXFileReference; lastKnownFileType = sourcecode.swift; path = NotificationView.swift; sourceTree = "<group>"; };
		F48F4B5B25E3BD70003E6C2A /* ComplicationController.swift */ = {isa = PBXFileReference; lastKnownFileType = sourcecode.swift; path = ComplicationController.swift; sourceTree = "<group>"; };
		F48F4B5D25E3BD71003E6C2A /* Assets.xcassets */ = {isa = PBXFileReference; lastKnownFileType = folder.assetcatalog; path = Assets.xcassets; sourceTree = "<group>"; };
		F48F4B6025E3BD71003E6C2A /* Preview Assets.xcassets */ = {isa = PBXFileReference; lastKnownFileType = folder.assetcatalog; path = "Preview Assets.xcassets"; sourceTree = "<group>"; };
		F48F4B6225E3BD71003E6C2A /* Info.plist */ = {isa = PBXFileReference; lastKnownFileType = text.plist.xml; path = Info.plist; sourceTree = "<group>"; };
		F48F4B6325E3BD71003E6C2A /* PushNotificationPayload.apns */ = {isa = PBXFileReference; lastKnownFileType = text; path = PushNotificationPayload.apns; sourceTree = "<group>"; };
		F48F4B7D25E3C152003E6C2A /* keys.swift */ = {isa = PBXFileReference; lastKnownFileType = sourcecode.swift; path = keys.swift; sourceTree = "<group>"; };
		F48F4B9525E3C261003E6C2A /* GitHubAuth.swift */ = {isa = PBXFileReference; lastKnownFileType = sourcecode.swift; path = GitHubAuth.swift; sourceTree = "<group>"; };
		F48F4BA525E3C29F003E6C2A /* AppState.swift */ = {isa = PBXFileReference; lastKnownFileType = sourcecode.swift; path = AppState.swift; sourceTree = "<group>"; };
		F48F4BB325E3C2BC003E6C2A /* User.swift */ = {isa = PBXFileReference; lastKnownFileType = sourcecode.swift; path = User.swift; sourceTree = "<group>"; };
		F48F4BC125E3C2EA003E6C2A /* AuthInteractor.swift */ = {isa = PBXFileReference; lastKnownFileType = sourcecode.swift; path = AuthInteractor.swift; sourceTree = "<group>"; };
		F48F4BCE25E3C301003E6C2A /* AuthRepository.swift */ = {isa = PBXFileReference; lastKnownFileType = sourcecode.swift; path = AuthRepository.swift; sourceTree = "<group>"; };
		F48F4BEB25E3C49C003E6C2A /* URL.swift */ = {isa = PBXFileReference; lastKnownFileType = sourcecode.swift; path = URL.swift; sourceTree = "<group>"; };
		F48F4BF825E4047B003E6C2A /* ConnectivityController.swift */ = {isa = PBXFileReference; lastKnownFileType = sourcecode.swift; path = ConnectivityController.swift; sourceTree = "<group>"; };
		F48F4C1125E4065A003E6C2A /* Home.swift */ = {isa = PBXFileReference; lastKnownFileType = sourcecode.swift; path = Home.swift; sourceTree = "<group>"; };
		F48F4C2B25E407C3003E6C2A /* Home.swift */ = {isa = PBXFileReference; lastKnownFileType = sourcecode.swift; path = Home.swift; sourceTree = "<group>"; };
		F48F4C3B25E40837003E6C2A /* AppState.swift */ = {isa = PBXFileReference; lastKnownFileType = sourcecode.swift; path = AppState.swift; sourceTree = "<group>"; };
		F48F4C4325E40862003E6C2A /* AuthUser.swift */ = {isa = PBXFileReference; lastKnownFileType = sourcecode.swift; path = AuthUser.swift; sourceTree = "<group>"; };
		F48F4C4B25E4088E003E6C2A /* ProfileInteractor.swift */ = {isa = PBXFileReference; lastKnownFileType = sourcecode.swift; path = ProfileInteractor.swift; sourceTree = "<group>"; };
		F48F4C5825E408C1003E6C2A /* ConnectivityController.swift */ = {isa = PBXFileReference; lastKnownFileType = sourcecode.swift; path = ConnectivityController.swift; sourceTree = "<group>"; };
		F48F4C6025E40DC5003E6C2A /* ProfileRepository.swift */ = {isa = PBXFileReference; lastKnownFileType = sourcecode.swift; path = ProfileRepository.swift; sourceTree = "<group>"; };
		F48F4C7A25E42101003E6C2A /* AuthInteractor.swift */ = {isa = PBXFileReference; lastKnownFileType = sourcecode.swift; path = AuthInteractor.swift; sourceTree = "<group>"; };
		F48F4C9125E42DAD003E6C2A /* ProfileUser.swift */ = {isa = PBXFileReference; lastKnownFileType = sourcecode.swift; path = ProfileUser.swift; sourceTree = "<group>"; };
		F48F4C9925E432C8003E6C2A /* ViewUser.swift */ = {isa = PBXFileReference; lastKnownFileType = sourcecode.swift; path = ViewUser.swift; sourceTree = "<group>"; };
		F48F4CA625E43519003E6C2A /* UserProfile.swift */ = {isa = PBXFileReference; lastKnownFileType = sourcecode.swift; path = UserProfile.swift; sourceTree = "<group>"; };
		F48F4CB325E43AEE003E6C2A /* UserView.swift */ = {isa = PBXFileReference; lastKnownFileType = sourcecode.swift; path = UserView.swift; sourceTree = "<group>"; };
		F49A657D25E4E62B00F7893C /* RepoRepository.swift */ = {isa = PBXFileReference; lastKnownFileType = sourcecode.swift; path = RepoRepository.swift; sourceTree = "<group>"; };
		F49A65A025E4E6E600F7893C /* UserRepos.swift */ = {isa = PBXFileReference; lastKnownFileType = sourcecode.swift; path = UserRepos.swift; sourceTree = "<group>"; };
		F49A65A825E4E8C800F7893C /* RepoInteractor.swift */ = {isa = PBXFileReference; lastKnownFileType = sourcecode.swift; path = RepoInteractor.swift; sourceTree = "<group>"; };
		F49A65B125E4F48300F7893C /* Repo.swift */ = {isa = PBXFileReference; lastKnownFileType = sourcecode.swift; path = Repo.swift; sourceTree = "<group>"; };
		F49A65B925E4F71200F7893C /* FileDownloader.swift */ = {isa = PBXFileReference; lastKnownFileType = sourcecode.swift; path = FileDownloader.swift; sourceTree = "<group>"; };
		F49A65DB25E50CE500F7893C /* Markdown.swift */ = {isa = PBXFileReference; lastKnownFileType = sourcecode.swift; path = Markdown.swift; sourceTree = "<group>"; };
		F49A66AC25E52EC900F7893C /* RepoView.swift */ = {isa = PBXFileReference; lastKnownFileType = sourcecode.swift; path = RepoView.swift; sourceTree = "<group>"; };
		F49A66C825E5397100F7893C /* String.swift */ = {isa = PBXFileReference; lastKnownFileType = sourcecode.swift; path = String.swift; sourceTree = "<group>"; };
		F49A66D525E53B0800F7893C /* MarkdownInteractor.swift */ = {isa = PBXFileReference; lastKnownFileType = sourcecode.swift; path = MarkdownInteractor.swift; sourceTree = "<group>"; };
		F49A66E225E53B6000F7893C /* MarkdownRepository.swift */ = {isa = PBXFileReference; lastKnownFileType = sourcecode.swift; path = MarkdownRepository.swift; sourceTree = "<group>"; };
		F4EA954D25E5A43500F702ED /* BottomNavRow.swift */ = {isa = PBXFileReference; lastKnownFileType = sourcecode.swift; path = BottomNavRow.swift; sourceTree = "<group>"; };
		F4EA955F25E5AFA600F702ED /* SearchRepos.swift */ = {isa = PBXFileReference; lastKnownFileType = sourcecode.swift; path = SearchRepos.swift; sourceTree = "<group>"; };
		F4EA956C25E5B00D00F702ED /* SearchReposList.swift */ = {isa = PBXFileReference; lastKnownFileType = sourcecode.swift; path = SearchReposList.swift; sourceTree = "<group>"; };
		F4EA957A25E5B2C000F702ED /* MiniRepoView.swift */ = {isa = PBXFileReference; lastKnownFileType = sourcecode.swift; path = MiniRepoView.swift; sourceTree = "<group>"; };
		F4EA958125E5B3D000F702ED /* Int.swift */ = {isa = PBXFileReference; lastKnownFileType = sourcecode.swift; path = Int.swift; sourceTree = "<group>"; };
		F4EA958925E5BBCF00F702ED /* FollowStatViwe.swift */ = {isa = PBXFileReference; lastKnownFileType = sourcecode.swift; path = FollowStatViwe.swift; sourceTree = "<group>"; };
		F4F2A40C25E7ABFC00C8B943 /* Utils.swift */ = {isa = PBXFileReference; lastKnownFileType = sourcecode.swift; path = Utils.swift; sourceTree = "<group>"; };
		F4F2A41925E7AF5400C8B943 /* OrganizationsList.swift */ = {isa = PBXFileReference; lastKnownFileType = sourcecode.swift; path = OrganizationsList.swift; sourceTree = "<group>"; };
		F4F2A43025E7B83100C8B943 /* MiniUserView.swift */ = {isa = PBXFileReference; lastKnownFileType = sourcecode.swift; path = MiniUserView.swift; sourceTree = "<group>"; };
		F4F2A43825E7B96E00C8B943 /* UserImage.swift */ = {isa = PBXFileReference; lastKnownFileType = sourcecode.swift; path = UserImage.swift; sourceTree = "<group>"; };
/* End PBXFileReference section */

/* Begin PBXFrameworksBuildPhase section */
		F48F4B1A25E3BD6B003E6C2A /* Frameworks */ = {
			isa = PBXFrameworksBuildPhase;
			buildActionMask = 2147483647;
			files = (
				F48F4BE425E3C3A5003E6C2A /* SwiftyJSON in Frameworks */,
				F48F4BDC25E3C37D003E6C2A /* WebView in Frameworks */,
			);
			runOnlyForDeploymentPostprocessing = 0;
		};
		F48F4B2B25E3BD6E003E6C2A /* Frameworks */ = {
			isa = PBXFrameworksBuildPhase;
			buildActionMask = 2147483647;
			files = (
			);
			runOnlyForDeploymentPostprocessing = 0;
		};
		F48F4B3625E3BD6E003E6C2A /* Frameworks */ = {
			isa = PBXFrameworksBuildPhase;
			buildActionMask = 2147483647;
			files = (
			);
			runOnlyForDeploymentPostprocessing = 0;
		};
		F48F4B4B25E3BD70003E6C2A /* Frameworks */ = {
			isa = PBXFrameworksBuildPhase;
			buildActionMask = 2147483647;
			files = (
				F49A66A525E525C800F7893C /* Parma in Frameworks */,
				F48F4CC125E43DC6003E6C2A /* URLImage in Frameworks */,
				F48F4C6E25E40EE3003E6C2A /* SwiftyJSON in Frameworks */,
			);
			runOnlyForDeploymentPostprocessing = 0;
		};
/* End PBXFrameworksBuildPhase section */

/* Begin PBXGroup section */
		F48F4B1425E3BD6A003E6C2A = {
			isa = PBXGroup;
			children = (
				F48F4B1F25E3BD6B003E6C2A /* github-watch */,
				F48F4B4625E3BD6E003E6C2A /* github-watch WatchKit App */,
				F48F4B5225E3BD70003E6C2A /* github-watch WatchKit Extension */,
				F48F4B3125E3BD6E003E6C2A /* github-watchTests */,
				F48F4B3C25E3BD6E003E6C2A /* github-watchUITests */,
				F48F4B1E25E3BD6B003E6C2A /* Products */,
				F48F4C6C25E40EE3003E6C2A /* Frameworks */,
			);
			sourceTree = "<group>";
		};
		F48F4B1E25E3BD6B003E6C2A /* Products */ = {
			isa = PBXGroup;
			children = (
				F48F4B1D25E3BD6B003E6C2A /* github-watch.app */,
				F48F4B2E25E3BD6E003E6C2A /* github-watchTests.xctest */,
				F48F4B3925E3BD6E003E6C2A /* github-watchUITests.xctest */,
				F48F4B4225E3BD6E003E6C2A /* github-watch WatchKit App.app */,
				F48F4B4E25E3BD70003E6C2A /* github-watch WatchKit Extension.appex */,
			);
			name = Products;
			sourceTree = "<group>";
		};
		F48F4B1F25E3BD6B003E6C2A /* github-watch */ = {
			isa = PBXGroup;
			children = (
				F48F4B2925E3BD6E003E6C2A /* Info.plist */,
				F48F4B2225E3BD6B003E6C2A /* ContentView.swift */,
				F48F4B2025E3BD6B003E6C2A /* github_watchApp.swift */,
				F48F4B2425E3BD6E003E6C2A /* Assets.xcassets */,
				F48F4B7C25E3C0F9003E6C2A /* Constants */,
				F48F4BEA25E3C492003E6C2A /* Extensions */,
				F48F4BA225E3C276003E6C2A /* Interactors */,
				F48F4BA125E3C26D003E6C2A /* Models */,
				F48F4B2625E3BD6E003E6C2A /* Preview Content */,
				F48F4BA325E3C27D003E6C2A /* Repositories */,
				F48F4B9325E3C253003E6C2A /* Views */,
			);
			path = "github-watch";
			sourceTree = "<group>";
		};
		F48F4B2625E3BD6E003E6C2A /* Preview Content */ = {
			isa = PBXGroup;
			children = (
				F48F4B2725E3BD6E003E6C2A /* Preview Assets.xcassets */,
			);
			path = "Preview Content";
			sourceTree = "<group>";
		};
		F48F4B3125E3BD6E003E6C2A /* github-watchTests */ = {
			isa = PBXGroup;
			children = (
				F48F4B3225E3BD6E003E6C2A /* github_watchTests.swift */,
				F48F4B3425E3BD6E003E6C2A /* Info.plist */,
			);
			path = "github-watchTests";
			sourceTree = "<group>";
		};
		F48F4B3C25E3BD6E003E6C2A /* github-watchUITests */ = {
			isa = PBXGroup;
			children = (
				F48F4B3D25E3BD6E003E6C2A /* github_watchUITests.swift */,
				F48F4B3F25E3BD6E003E6C2A /* Info.plist */,
			);
			path = "github-watchUITests";
			sourceTree = "<group>";
		};
		F48F4B4625E3BD6E003E6C2A /* github-watch WatchKit App */ = {
			isa = PBXGroup;
			children = (
				F48F4B4725E3BD6F003E6C2A /* Assets.xcassets */,
				F48F4B4925E3BD6F003E6C2A /* Info.plist */,
			);
			path = "github-watch WatchKit App";
			sourceTree = "<group>";
		};
		F48F4B5225E3BD70003E6C2A /* github-watch WatchKit Extension */ = {
			isa = PBXGroup;
			children = (
				F48F4B6325E3BD71003E6C2A /* PushNotificationPayload.apns */,
				F48F4B6225E3BD71003E6C2A /* Info.plist */,
				F48F4B5B25E3BD70003E6C2A /* ComplicationController.swift */,
				F48F4B5525E3BD70003E6C2A /* ContentView.swift */,
				F48F4B5325E3BD70003E6C2A /* github_watchApp.swift */,
				F48F4B5725E3BD70003E6C2A /* NotificationController.swift */,
				F48F4B5925E3BD70003E6C2A /* NotificationView.swift */,
				F49A66C725E5396400F7893C /* Extensions */,
				F49A65B825E4F70700F7893C /* Utils */,
				F48F4B5D25E3BD71003E6C2A /* Assets.xcassets */,
				F48F4C3725E407CA003E6C2A /* Interactors */,
				F48F4C3925E407D8003E6C2A /* Models */,
				F48F4B5F25E3BD71003E6C2A /* Preview Content */,
				F48F4C3825E407D1003E6C2A /* Repositories */,
				F48F4C2925E407B6003E6C2A /* Views */,
			);
			path = "github-watch WatchKit Extension";
			sourceTree = "<group>";
		};
		F48F4B5F25E3BD71003E6C2A /* Preview Content */ = {
			isa = PBXGroup;
			children = (
				F48F4B6025E3BD71003E6C2A /* Preview Assets.xcassets */,
			);
			path = "Preview Content";
			sourceTree = "<group>";
		};
		F48F4B7C25E3C0F9003E6C2A /* Constants */ = {
			isa = PBXGroup;
			children = (
				F48F4B7D25E3C152003E6C2A /* keys.swift */,
			);
			path = Constants;
			sourceTree = "<group>";
		};
		F48F4B9325E3C253003E6C2A /* Views */ = {
			isa = PBXGroup;
			children = (
				F48F4C1025E4064E003E6C2A /* Home */,
				F48F4B9425E3C257003E6C2A /* Auth */,
			);
			path = Views;
			sourceTree = "<group>";
		};
		F48F4B9425E3C257003E6C2A /* Auth */ = {
			isa = PBXGroup;
			children = (
				F48F4B9525E3C261003E6C2A /* GitHubAuth.swift */,
			);
			path = Auth;
			sourceTree = "<group>";
		};
		F48F4BA125E3C26D003E6C2A /* Models */ = {
			isa = PBXGroup;
			children = (
				F48F4BB125E3C2AA003E6C2A /* User */,
				F48F4BA425E3C295003E6C2A /* AppState */,
			);
			path = Models;
			sourceTree = "<group>";
		};
		F48F4BA225E3C276003E6C2A /* Interactors */ = {
			isa = PBXGroup;
			children = (
				F48F4BF725E4046B003E6C2A /* ConnectivityController */,
				F48F4BBF25E3C2D8003E6C2A /* AuthInteractor */,
			);
			path = Interactors;
			sourceTree = "<group>";
		};
		F48F4BA325E3C27D003E6C2A /* Repositories */ = {
			isa = PBXGroup;
			children = (
				F48F4BCD25E3C2F2003E6C2A /* AuthRepository */,
			);
			path = Repositories;
			sourceTree = "<group>";
		};
		F48F4BA425E3C295003E6C2A /* AppState */ = {
			isa = PBXGroup;
			children = (
				F48F4BA525E3C29F003E6C2A /* AppState.swift */,
			);
			path = AppState;
			sourceTree = "<group>";
		};
		F48F4BB125E3C2AA003E6C2A /* User */ = {
			isa = PBXGroup;
			children = (
				F48F4BB325E3C2BC003E6C2A /* User.swift */,
			);
			path = User;
			sourceTree = "<group>";
		};
		F48F4BBF25E3C2D8003E6C2A /* AuthInteractor */ = {
			isa = PBXGroup;
			children = (
				F48F4BC125E3C2EA003E6C2A /* AuthInteractor.swift */,
			);
			path = AuthInteractor;
			sourceTree = "<group>";
		};
		F48F4BCD25E3C2F2003E6C2A /* AuthRepository */ = {
			isa = PBXGroup;
			children = (
				F48F4BCE25E3C301003E6C2A /* AuthRepository.swift */,
			);
			path = AuthRepository;
			sourceTree = "<group>";
		};
		F48F4BEA25E3C492003E6C2A /* Extensions */ = {
			isa = PBXGroup;
			children = (
				F48F4BEB25E3C49C003E6C2A /* URL.swift */,
			);
			path = Extensions;
			sourceTree = "<group>";
		};
		F48F4BF725E4046B003E6C2A /* ConnectivityController */ = {
			isa = PBXGroup;
			children = (
				F48F4BF825E4047B003E6C2A /* ConnectivityController.swift */,
			);
			path = ConnectivityController;
			sourceTree = "<group>";
		};
		F48F4C1025E4064E003E6C2A /* Home */ = {
			isa = PBXGroup;
			children = (
				F48F4C1125E4065A003E6C2A /* Home.swift */,
			);
			path = Home;
			sourceTree = "<group>";
		};
		F48F4C2925E407B6003E6C2A /* Views */ = {
			isa = PBXGroup;
			children = (
				F4F2A41825E7AF4200C8B943 /* OrganizationsList */,
				F4EA957325E5B01E00F702ED /* UtilityViews */,
				F4EA956B25E5AFFA00F702ED /* SearchReposList */,
				F4EA955E25E5AF9700F702ED /* SearchRepos */,
				F49A66AB25E52EBE00F7893C /* RepoView */,
				F49A65DA25E50CCE00F7893C /* Markdown */,
				F49A658E25E4E6CE00F7893C /* UserRepos */,
				F48F4CA525E43510003E6C2A /* UserProfile */,
				F48F4C9825E432BB003E6C2A /* ViewUser */,
				F48F4C2A25E407BB003E6C2A /* Home */,
			);
			path = Views;
			sourceTree = "<group>";
		};
		F48F4C2A25E407BB003E6C2A /* Home */ = {
			isa = PBXGroup;
			children = (
				F48F4C2B25E407C3003E6C2A /* Home.swift */,
			);
			path = Home;
			sourceTree = "<group>";
		};
		F48F4C3725E407CA003E6C2A /* Interactors */ = {
			isa = PBXGroup;
			children = (
				F49A66D425E53AF400F7893C /* MarkdownInteractor */,
				F49A65A725E4E8BD00F7893C /* RepoInteractor */,
				F48F4C7925E420F2003E6C2A /* AuthInteractor */,
				F48F4C5725E408B6003E6C2A /* ConnectivityController */,
				F48F4C4A25E4087D003E6C2A /* ProfileInteractor */,
			);
			path = Interactors;
			sourceTree = "<group>";
		};
		F48F4C3825E407D1003E6C2A /* Repositories */ = {
			isa = PBXGroup;
			children = (
				F4F2A40B25E7ABF400C8B943 /* Utils */,
				F49A66E125E53B5500F7893C /* MarkdownRepository */,
				F49A657C25E4E61F00F7893C /* RepoRepository */,
				F48F4C5F25E40DB8003E6C2A /* ProfileRepository */,
			);
			path = Repositories;
			sourceTree = "<group>";
		};
		F48F4C3925E407D8003E6C2A /* Models */ = {
			isa = PBXGroup;
			children = (
				F49A65AF25E4F47500F7893C /* Repo */,
				F48F4C8625E42D86003E6C2A /* ProfileUser */,
				F48F4C4225E40845003E6C2A /* AuthUser */,
				F48F4C3A25E4082D003E6C2A /* AppState */,
			);
			path = Models;
			sourceTree = "<group>";
		};
		F48F4C3A25E4082D003E6C2A /* AppState */ = {
			isa = PBXGroup;
			children = (
				F48F4C3B25E40837003E6C2A /* AppState.swift */,
			);
			path = AppState;
			sourceTree = "<group>";
		};
		F48F4C4225E40845003E6C2A /* AuthUser */ = {
			isa = PBXGroup;
			children = (
				F48F4C4325E40862003E6C2A /* AuthUser.swift */,
			);
			path = AuthUser;
			sourceTree = "<group>";
		};
		F48F4C4A25E4087D003E6C2A /* ProfileInteractor */ = {
			isa = PBXGroup;
			children = (
				F48F4C4B25E4088E003E6C2A /* ProfileInteractor.swift */,
			);
			path = ProfileInteractor;
			sourceTree = "<group>";
		};
		F48F4C5725E408B6003E6C2A /* ConnectivityController */ = {
			isa = PBXGroup;
			children = (
				F48F4C5825E408C1003E6C2A /* ConnectivityController.swift */,
			);
			path = ConnectivityController;
			sourceTree = "<group>";
		};
		F48F4C5F25E40DB8003E6C2A /* ProfileRepository */ = {
			isa = PBXGroup;
			children = (
				F48F4C6025E40DC5003E6C2A /* ProfileRepository.swift */,
			);
			path = ProfileRepository;
			sourceTree = "<group>";
		};
		F48F4C6C25E40EE3003E6C2A /* Frameworks */ = {
			isa = PBXGroup;
			children = (
			);
			name = Frameworks;
			sourceTree = "<group>";
		};
		F48F4C7925E420F2003E6C2A /* AuthInteractor */ = {
			isa = PBXGroup;
			children = (
				F48F4C7A25E42101003E6C2A /* AuthInteractor.swift */,
			);
			path = AuthInteractor;
			sourceTree = "<group>";
		};
		F48F4C8625E42D86003E6C2A /* ProfileUser */ = {
			isa = PBXGroup;
			children = (
				F48F4C9125E42DAD003E6C2A /* ProfileUser.swift */,
			);
			path = ProfileUser;
			sourceTree = "<group>";
		};
		F48F4C9825E432BB003E6C2A /* ViewUser */ = {
			isa = PBXGroup;
			children = (
				F48F4C9925E432C8003E6C2A /* ViewUser.swift */,
			);
			path = ViewUser;
			sourceTree = "<group>";
		};
		F48F4CA525E43510003E6C2A /* UserProfile */ = {
			isa = PBXGroup;
			children = (
				F4EA954B25E5A41D00F702ED /* Views */,
				F48F4CA625E43519003E6C2A /* UserProfile.swift */,
			);
			path = UserProfile;
			sourceTree = "<group>";
		};
		F48F4CB225E43AE5003E6C2A /* UserView */ = {
			isa = PBXGroup;
			children = (
				F48F4CB325E43AEE003E6C2A /* UserView.swift */,
			);
			path = UserView;
			sourceTree = "<group>";
		};
		F49A657C25E4E61F00F7893C /* RepoRepository */ = {
			isa = PBXGroup;
			children = (
				F49A657D25E4E62B00F7893C /* RepoRepository.swift */,
			);
			path = RepoRepository;
			sourceTree = "<group>";
		};
		F49A658E25E4E6CE00F7893C /* UserRepos */ = {
			isa = PBXGroup;
			children = (
				F49A65A025E4E6E600F7893C /* UserRepos.swift */,
			);
			path = UserRepos;
			sourceTree = "<group>";
		};
		F49A65A725E4E8BD00F7893C /* RepoInteractor */ = {
			isa = PBXGroup;
			children = (
				F49A65A825E4E8C800F7893C /* RepoInteractor.swift */,
			);
			path = RepoInteractor;
			sourceTree = "<group>";
		};
		F49A65AF25E4F47500F7893C /* Repo */ = {
			isa = PBXGroup;
			children = (
				F49A65B125E4F48300F7893C /* Repo.swift */,
			);
			path = Repo;
			sourceTree = "<group>";
		};
		F49A65B825E4F70700F7893C /* Utils */ = {
			isa = PBXGroup;
			children = (
				F49A65B925E4F71200F7893C /* FileDownloader.swift */,
			);
			path = Utils;
			sourceTree = "<group>";
		};
		F49A65DA25E50CCE00F7893C /* Markdown */ = {
			isa = PBXGroup;
			children = (
				F49A65DB25E50CE500F7893C /* Markdown.swift */,
			);
			path = Markdown;
			sourceTree = "<group>";
		};
		F49A66AB25E52EBE00F7893C /* RepoView */ = {
			isa = PBXGroup;
			children = (
				F49A66AC25E52EC900F7893C /* RepoView.swift */,
			);
			path = RepoView;
			sourceTree = "<group>";
		};
		F49A66C725E5396400F7893C /* Extensions */ = {
			isa = PBXGroup;
			children = (
				F49A66C825E5397100F7893C /* String.swift */,
				F4EA958125E5B3D000F702ED /* Int.swift */,
			);
			path = Extensions;
			sourceTree = "<group>";
		};
		F49A66D425E53AF400F7893C /* MarkdownInteractor */ = {
			isa = PBXGroup;
			children = (
				F49A66D525E53B0800F7893C /* MarkdownInteractor.swift */,
			);
			path = MarkdownInteractor;
			sourceTree = "<group>";
		};
		F49A66E125E53B5500F7893C /* MarkdownRepository */ = {
			isa = PBXGroup;
			children = (
				F49A66E225E53B6000F7893C /* MarkdownRepository.swift */,
			);
			path = MarkdownRepository;
			sourceTree = "<group>";
		};
		F4EA954B25E5A41D00F702ED /* Views */ = {
			isa = PBXGroup;
			children = (
				F4EA958825E5BBBC00F702ED /* FollowStatView */,
				F48F4CB225E43AE5003E6C2A /* UserView */,
			);
			path = Views;
			sourceTree = "<group>";
		};
		F4EA954C25E5A42700F702ED /* BottomNavRow */ = {
			isa = PBXGroup;
			children = (
				F4EA954D25E5A43500F702ED /* BottomNavRow.swift */,
			);
			path = BottomNavRow;
			sourceTree = "<group>";
		};
		F4EA955E25E5AF9700F702ED /* SearchRepos */ = {
			isa = PBXGroup;
			children = (
				F4EA955F25E5AFA600F702ED /* SearchRepos.swift */,
			);
			path = SearchRepos;
			sourceTree = "<group>";
		};
		F4EA956B25E5AFFA00F702ED /* SearchReposList */ = {
			isa = PBXGroup;
			children = (
				F4EA956C25E5B00D00F702ED /* SearchReposList.swift */,
			);
			path = SearchReposList;
			sourceTree = "<group>";
		};
		F4EA957325E5B01E00F702ED /* UtilityViews */ = {
			isa = PBXGroup;
			children = (
				F4F2A43725E7B96300C8B943 /* UserImage */,
				F4F2A42F25E7B81E00C8B943 /* MiniUserView */,
				F4EA957925E5B2B300F702ED /* MiniRepoView */,
				F4EA954C25E5A42700F702ED /* BottomNavRow */,
			);
			path = UtilityViews;
			sourceTree = "<group>";
		};
		F4EA957925E5B2B300F702ED /* MiniRepoView */ = {
			isa = PBXGroup;
			children = (
				F4EA957A25E5B2C000F702ED /* MiniRepoView.swift */,
			);
			path = MiniRepoView;
			sourceTree = "<group>";
		};
		F4EA958825E5BBBC00F702ED /* FollowStatView */ = {
			isa = PBXGroup;
			children = (
				F4EA958925E5BBCF00F702ED /* FollowStatViwe.swift */,
			);
			path = FollowStatView;
			sourceTree = "<group>";
		};
		F4F2A40B25E7ABF400C8B943 /* Utils */ = {
			isa = PBXGroup;
			children = (
				F4F2A40C25E7ABFC00C8B943 /* Utils.swift */,
			);
			path = Utils;
			sourceTree = "<group>";
		};
		F4F2A41825E7AF4200C8B943 /* OrganizationsList */ = {
			isa = PBXGroup;
			children = (
				F4F2A41925E7AF5400C8B943 /* OrganizationsList.swift */,
			);
			path = OrganizationsList;
			sourceTree = "<group>";
		};
		F4F2A42F25E7B81E00C8B943 /* MiniUserView */ = {
			isa = PBXGroup;
			children = (
				F4F2A43025E7B83100C8B943 /* MiniUserView.swift */,
			);
			path = MiniUserView;
			sourceTree = "<group>";
		};
		F4F2A43725E7B96300C8B943 /* UserImage */ = {
			isa = PBXGroup;
			children = (
				F4F2A43825E7B96E00C8B943 /* UserImage.swift */,
			);
			path = UserImage;
			sourceTree = "<group>";
		};
/* End PBXGroup section */

/* Begin PBXNativeTarget section */
		F48F4B1C25E3BD6B003E6C2A /* github-watch */ = {
			isa = PBXNativeTarget;
			buildConfigurationList = F48F4B6E25E3BD71003E6C2A /* Build configuration list for PBXNativeTarget "github-watch" */;
			buildPhases = (
				F48F4B1925E3BD6B003E6C2A /* Sources */,
				F48F4B1A25E3BD6B003E6C2A /* Frameworks */,
				F48F4B1B25E3BD6B003E6C2A /* Resources */,
				F48F4B6D25E3BD71003E6C2A /* Embed Watch Content */,
			);
			buildRules = (
			);
			dependencies = (
				F48F4B4525E3BD6E003E6C2A /* PBXTargetDependency */,
			);
			name = "github-watch";
			packageProductDependencies = (
				F48F4BDB25E3C37D003E6C2A /* WebView */,
				F48F4BE325E3C3A5003E6C2A /* SwiftyJSON */,
			);
			productName = "github-watch";
			productReference = F48F4B1D25E3BD6B003E6C2A /* github-watch.app */;
			productType = "com.apple.product-type.application";
		};
		F48F4B2D25E3BD6E003E6C2A /* github-watchTests */ = {
			isa = PBXNativeTarget;
			buildConfigurationList = F48F4B7125E3BD71003E6C2A /* Build configuration list for PBXNativeTarget "github-watchTests" */;
			buildPhases = (
				F48F4B2A25E3BD6E003E6C2A /* Sources */,
				F48F4B2B25E3BD6E003E6C2A /* Frameworks */,
				F48F4B2C25E3BD6E003E6C2A /* Resources */,
			);
			buildRules = (
			);
			dependencies = (
				F48F4B3025E3BD6E003E6C2A /* PBXTargetDependency */,
			);
			name = "github-watchTests";
			productName = "github-watchTests";
			productReference = F48F4B2E25E3BD6E003E6C2A /* github-watchTests.xctest */;
			productType = "com.apple.product-type.bundle.unit-test";
		};
		F48F4B3825E3BD6E003E6C2A /* github-watchUITests */ = {
			isa = PBXNativeTarget;
			buildConfigurationList = F48F4B7425E3BD71003E6C2A /* Build configuration list for PBXNativeTarget "github-watchUITests" */;
			buildPhases = (
				F48F4B3525E3BD6E003E6C2A /* Sources */,
				F48F4B3625E3BD6E003E6C2A /* Frameworks */,
				F48F4B3725E3BD6E003E6C2A /* Resources */,
			);
			buildRules = (
			);
			dependencies = (
				F48F4B3B25E3BD6E003E6C2A /* PBXTargetDependency */,
			);
			name = "github-watchUITests";
			productName = "github-watchUITests";
			productReference = F48F4B3925E3BD6E003E6C2A /* github-watchUITests.xctest */;
			productType = "com.apple.product-type.bundle.ui-testing";
		};
		F48F4B4125E3BD6E003E6C2A /* github-watch WatchKit App */ = {
			isa = PBXNativeTarget;
			buildConfigurationList = F48F4B6A25E3BD71003E6C2A /* Build configuration list for PBXNativeTarget "github-watch WatchKit App" */;
			buildPhases = (
				F48F4B4025E3BD6E003E6C2A /* Resources */,
				F48F4B6925E3BD71003E6C2A /* Embed App Extensions */,
			);
			buildRules = (
			);
			dependencies = (
				F48F4B5125E3BD70003E6C2A /* PBXTargetDependency */,
			);
			name = "github-watch WatchKit App";
			productName = "github-watch WatchKit App";
			productReference = F48F4B4225E3BD6E003E6C2A /* github-watch WatchKit App.app */;
			productType = "com.apple.product-type.application.watchapp2";
		};
		F48F4B4D25E3BD70003E6C2A /* github-watch WatchKit Extension */ = {
			isa = PBXNativeTarget;
			buildConfigurationList = F48F4B6625E3BD71003E6C2A /* Build configuration list for PBXNativeTarget "github-watch WatchKit Extension" */;
			buildPhases = (
				F48F4B4A25E3BD70003E6C2A /* Sources */,
				F48F4B4B25E3BD70003E6C2A /* Frameworks */,
				F48F4B4C25E3BD70003E6C2A /* Resources */,
			);
			buildRules = (
			);
			dependencies = (
			);
			name = "github-watch WatchKit Extension";
			packageProductDependencies = (
				F48F4C6D25E40EE3003E6C2A /* SwiftyJSON */,
				F48F4CC025E43DC6003E6C2A /* URLImage */,
				F49A66A425E525C800F7893C /* Parma */,
			);
			productName = "github-watch WatchKit Extension";
			productReference = F48F4B4E25E3BD70003E6C2A /* github-watch WatchKit Extension.appex */;
			productType = "com.apple.product-type.watchkit2-extension";
		};
/* End PBXNativeTarget section */

/* Begin PBXProject section */
		F48F4B1525E3BD6A003E6C2A /* Project object */ = {
			isa = PBXProject;
			attributes = {
				LastSwiftUpdateCheck = 1240;
				LastUpgradeCheck = 1240;
				TargetAttributes = {
					F48F4B1C25E3BD6B003E6C2A = {
						CreatedOnToolsVersion = 12.4;
					};
					F48F4B2D25E3BD6E003E6C2A = {
						CreatedOnToolsVersion = 12.4;
						TestTargetID = F48F4B1C25E3BD6B003E6C2A;
					};
					F48F4B3825E3BD6E003E6C2A = {
						CreatedOnToolsVersion = 12.4;
						TestTargetID = F48F4B1C25E3BD6B003E6C2A;
					};
					F48F4B4125E3BD6E003E6C2A = {
						CreatedOnToolsVersion = 12.4;
					};
					F48F4B4D25E3BD70003E6C2A = {
						CreatedOnToolsVersion = 12.4;
					};
				};
			};
			buildConfigurationList = F48F4B1825E3BD6A003E6C2A /* Build configuration list for PBXProject "github-watch" */;
			compatibilityVersion = "Xcode 9.3";
			developmentRegion = en;
			hasScannedForEncodings = 0;
			knownRegions = (
				en,
				Base,
			);
			mainGroup = F48F4B1425E3BD6A003E6C2A;
			packageReferences = (
				F48F4BDA25E3C37D003E6C2A /* XCRemoteSwiftPackageReference "SwiftUI-WebView" */,
				F48F4BE225E3C3A5003E6C2A /* XCRemoteSwiftPackageReference "SwiftyJSON" */,
				F48F4CBF25E43DC6003E6C2A /* XCRemoteSwiftPackageReference "url-image" */,
				F49A66A325E525C800F7893C /* XCRemoteSwiftPackageReference "Parma" */,
			);
			productRefGroup = F48F4B1E25E3BD6B003E6C2A /* Products */;
			projectDirPath = "";
			projectRoot = "";
			targets = (
				F48F4B1C25E3BD6B003E6C2A /* github-watch */,
				F48F4B2D25E3BD6E003E6C2A /* github-watchTests */,
				F48F4B3825E3BD6E003E6C2A /* github-watchUITests */,
				F48F4B4125E3BD6E003E6C2A /* github-watch WatchKit App */,
				F48F4B4D25E3BD70003E6C2A /* github-watch WatchKit Extension */,
			);
		};
/* End PBXProject section */

/* Begin PBXResourcesBuildPhase section */
		F48F4B1B25E3BD6B003E6C2A /* Resources */ = {
			isa = PBXResourcesBuildPhase;
			buildActionMask = 2147483647;
			files = (
				F48F4B2825E3BD6E003E6C2A /* Preview Assets.xcassets in Resources */,
				F48F4B2525E3BD6E003E6C2A /* Assets.xcassets in Resources */,
			);
			runOnlyForDeploymentPostprocessing = 0;
		};
		F48F4B2C25E3BD6E003E6C2A /* Resources */ = {
			isa = PBXResourcesBuildPhase;
			buildActionMask = 2147483647;
			files = (
			);
			runOnlyForDeploymentPostprocessing = 0;
		};
		F48F4B3725E3BD6E003E6C2A /* Resources */ = {
			isa = PBXResourcesBuildPhase;
			buildActionMask = 2147483647;
			files = (
			);
			runOnlyForDeploymentPostprocessing = 0;
		};
		F48F4B4025E3BD6E003E6C2A /* Resources */ = {
			isa = PBXResourcesBuildPhase;
			buildActionMask = 2147483647;
			files = (
				F48F4B4825E3BD6F003E6C2A /* Assets.xcassets in Resources */,
			);
			runOnlyForDeploymentPostprocessing = 0;
		};
		F48F4B4C25E3BD70003E6C2A /* Resources */ = {
			isa = PBXResourcesBuildPhase;
			buildActionMask = 2147483647;
			files = (
				F48F4B6125E3BD71003E6C2A /* Preview Assets.xcassets in Resources */,
				F48F4B5E25E3BD71003E6C2A /* Assets.xcassets in Resources */,
			);
			runOnlyForDeploymentPostprocessing = 0;
		};
/* End PBXResourcesBuildPhase section */

/* Begin PBXSourcesBuildPhase section */
		F48F4B1925E3BD6B003E6C2A /* Sources */ = {
			isa = PBXSourcesBuildPhase;
			buildActionMask = 2147483647;
			files = (
				F48F4B9625E3C261003E6C2A /* GitHubAuth.swift in Sources */,
				F48F4BCF25E3C301003E6C2A /* AuthRepository.swift in Sources */,
				F48F4BEC25E3C49C003E6C2A /* URL.swift in Sources */,
				F48F4C1225E4065A003E6C2A /* Home.swift in Sources */,
				F48F4BA625E3C29F003E6C2A /* AppState.swift in Sources */,
				F48F4BC225E3C2EA003E6C2A /* AuthInteractor.swift in Sources */,
				F48F4BF925E4047B003E6C2A /* ConnectivityController.swift in Sources */,
				F48F4BB425E3C2BC003E6C2A /* User.swift in Sources */,
				F48F4B2325E3BD6B003E6C2A /* ContentView.swift in Sources */,
				F48F4B7E25E3C152003E6C2A /* keys.swift in Sources */,
				F48F4B2125E3BD6B003E6C2A /* github_watchApp.swift in Sources */,
			);
			runOnlyForDeploymentPostprocessing = 0;
		};
		F48F4B2A25E3BD6E003E6C2A /* Sources */ = {
			isa = PBXSourcesBuildPhase;
			buildActionMask = 2147483647;
			files = (
				F48F4B3325E3BD6E003E6C2A /* github_watchTests.swift in Sources */,
			);
			runOnlyForDeploymentPostprocessing = 0;
		};
		F48F4B3525E3BD6E003E6C2A /* Sources */ = {
			isa = PBXSourcesBuildPhase;
			buildActionMask = 2147483647;
			files = (
				F48F4B3E25E3BD6E003E6C2A /* github_watchUITests.swift in Sources */,
			);
			runOnlyForDeploymentPostprocessing = 0;
		};
		F48F4B4A25E3BD70003E6C2A /* Sources */ = {
			isa = PBXSourcesBuildPhase;
			buildActionMask = 2147483647;
			files = (
				F49A65B225E4F48300F7893C /* Repo.swift in Sources */,
				F48F4B5825E3BD70003E6C2A /* NotificationController.swift in Sources */,
				F48F4C5925E408C1003E6C2A /* ConnectivityController.swift in Sources */,
				F48F4B5625E3BD70003E6C2A /* ContentView.swift in Sources */,
				F48F4C6125E40DC5003E6C2A /* ProfileRepository.swift in Sources */,
				F49A65A925E4E8C800F7893C /* RepoInteractor.swift in Sources */,
				F48F4C9225E42DAD003E6C2A /* ProfileUser.swift in Sources */,
				F48F4C4C25E4088E003E6C2A /* ProfileInteractor.swift in Sources */,
				F48F4C7B25E42101003E6C2A /* AuthInteractor.swift in Sources */,
				F4F2A41A25E7AF5400C8B943 /* OrganizationsList.swift in Sources */,
				F4F2A40D25E7ABFC00C8B943 /* Utils.swift in Sources */,
				F4EA956D25E5B00D00F702ED /* SearchReposList.swift in Sources */,
				F49A657E25E4E62B00F7893C /* RepoRepository.swift in Sources */,
				F49A66AD25E52EC900F7893C /* RepoView.swift in Sources */,
				F4EA954E25E5A43500F702ED /* BottomNavRow.swift in Sources */,
				F48F4B5C25E3BD70003E6C2A /* ComplicationController.swift in Sources */,
				F4F2A43125E7B83100C8B943 /* MiniUserView.swift in Sources */,
				F48F4C3C25E40837003E6C2A /* AppState.swift in Sources */,
				F4EA958225E5B3D000F702ED /* Int.swift in Sources */,
				F48F4C1825E40781003E6C2A /* keys.swift in Sources */,
				F4EA956025E5AFA600F702ED /* SearchRepos.swift in Sources */,
				F4F2A43925E7B96E00C8B943 /* UserImage.swift in Sources */,
				F48F4C9A25E432C8003E6C2A /* ViewUser.swift in Sources */,
				F49A66D625E53B0800F7893C /* MarkdownInteractor.swift in Sources */,
				F49A66E325E53B6000F7893C /* MarkdownRepository.swift in Sources */,
				F4EA958A25E5BBCF00F702ED /* FollowStatViwe.swift in Sources */,
				F48F4C4425E40862003E6C2A /* AuthUser.swift in Sources */,
				F49A65A125E4E6E600F7893C /* UserRepos.swift in Sources */,
				F49A66C925E5397100F7893C /* String.swift in Sources */,
				F48F4CA725E43519003E6C2A /* UserProfile.swift in Sources */,
				F49A65DC25E50CE500F7893C /* Markdown.swift in Sources */,
				F4EA957B25E5B2C000F702ED /* MiniRepoView.swift in Sources */,
				F48F4CB425E43AEE003E6C2A /* UserView.swift in Sources */,
				F49A65BA25E4F71200F7893C /* FileDownloader.swift in Sources */,
				F48F4B5425E3BD70003E6C2A /* github_watchApp.swift in Sources */,
				F48F4B5A25E3BD70003E6C2A /* NotificationView.swift in Sources */,
				F48F4C2C25E407C3003E6C2A /* Home.swift in Sources */,
			);
			runOnlyForDeploymentPostprocessing = 0;
		};
/* End PBXSourcesBuildPhase section */

/* Begin PBXTargetDependency section */
		F48F4B3025E3BD6E003E6C2A /* PBXTargetDependency */ = {
			isa = PBXTargetDependency;
			target = F48F4B1C25E3BD6B003E6C2A /* github-watch */;
			targetProxy = F48F4B2F25E3BD6E003E6C2A /* PBXContainerItemProxy */;
		};
		F48F4B3B25E3BD6E003E6C2A /* PBXTargetDependency */ = {
			isa = PBXTargetDependency;
			target = F48F4B1C25E3BD6B003E6C2A /* github-watch */;
			targetProxy = F48F4B3A25E3BD6E003E6C2A /* PBXContainerItemProxy */;
		};
		F48F4B4525E3BD6E003E6C2A /* PBXTargetDependency */ = {
			isa = PBXTargetDependency;
			target = F48F4B4125E3BD6E003E6C2A /* github-watch WatchKit App */;
			targetProxy = F48F4B4425E3BD6E003E6C2A /* PBXContainerItemProxy */;
		};
		F48F4B5125E3BD70003E6C2A /* PBXTargetDependency */ = {
			isa = PBXTargetDependency;
			target = F48F4B4D25E3BD70003E6C2A /* github-watch WatchKit Extension */;
			targetProxy = F48F4B5025E3BD70003E6C2A /* PBXContainerItemProxy */;
		};
/* End PBXTargetDependency section */

/* Begin XCBuildConfiguration section */
		F48F4B6425E3BD71003E6C2A /* Debug */ = {
			isa = XCBuildConfiguration;
			buildSettings = {
				ALWAYS_SEARCH_USER_PATHS = NO;
				CLANG_ANALYZER_NONNULL = YES;
				CLANG_ANALYZER_NUMBER_OBJECT_CONVERSION = YES_AGGRESSIVE;
				CLANG_CXX_LANGUAGE_STANDARD = "gnu++14";
				CLANG_CXX_LIBRARY = "libc++";
				CLANG_ENABLE_MODULES = YES;
				CLANG_ENABLE_OBJC_ARC = YES;
				CLANG_ENABLE_OBJC_WEAK = YES;
				CLANG_WARN_BLOCK_CAPTURE_AUTORELEASING = YES;
				CLANG_WARN_BOOL_CONVERSION = YES;
				CLANG_WARN_COMMA = YES;
				CLANG_WARN_CONSTANT_CONVERSION = YES;
				CLANG_WARN_DEPRECATED_OBJC_IMPLEMENTATIONS = YES;
				CLANG_WARN_DIRECT_OBJC_ISA_USAGE = YES_ERROR;
				CLANG_WARN_DOCUMENTATION_COMMENTS = YES;
				CLANG_WARN_EMPTY_BODY = YES;
				CLANG_WARN_ENUM_CONVERSION = YES;
				CLANG_WARN_INFINITE_RECURSION = YES;
				CLANG_WARN_INT_CONVERSION = YES;
				CLANG_WARN_NON_LITERAL_NULL_CONVERSION = YES;
				CLANG_WARN_OBJC_IMPLICIT_RETAIN_SELF = YES;
				CLANG_WARN_OBJC_LITERAL_CONVERSION = YES;
				CLANG_WARN_OBJC_ROOT_CLASS = YES_ERROR;
				CLANG_WARN_QUOTED_INCLUDE_IN_FRAMEWORK_HEADER = YES;
				CLANG_WARN_RANGE_LOOP_ANALYSIS = YES;
				CLANG_WARN_STRICT_PROTOTYPES = YES;
				CLANG_WARN_SUSPICIOUS_MOVE = YES;
				CLANG_WARN_UNGUARDED_AVAILABILITY = YES_AGGRESSIVE;
				CLANG_WARN_UNREACHABLE_CODE = YES;
				CLANG_WARN__DUPLICATE_METHOD_MATCH = YES;
				COPY_PHASE_STRIP = NO;
				DEBUG_INFORMATION_FORMAT = dwarf;
				ENABLE_STRICT_OBJC_MSGSEND = YES;
				ENABLE_TESTABILITY = YES;
				GCC_C_LANGUAGE_STANDARD = gnu11;
				GCC_DYNAMIC_NO_PIC = NO;
				GCC_NO_COMMON_BLOCKS = YES;
				GCC_OPTIMIZATION_LEVEL = 0;
				GCC_PREPROCESSOR_DEFINITIONS = (
					"DEBUG=1",
					"$(inherited)",
				);
				GCC_WARN_64_TO_32_BIT_CONVERSION = YES;
				GCC_WARN_ABOUT_RETURN_TYPE = YES_ERROR;
				GCC_WARN_UNDECLARED_SELECTOR = YES;
				GCC_WARN_UNINITIALIZED_AUTOS = YES_AGGRESSIVE;
				GCC_WARN_UNUSED_FUNCTION = YES;
				GCC_WARN_UNUSED_VARIABLE = YES;
				MTL_ENABLE_DEBUG_INFO = INCLUDE_SOURCE;
				MTL_FAST_MATH = YES;
				ONLY_ACTIVE_ARCH = YES;
				SWIFT_ACTIVE_COMPILATION_CONDITIONS = DEBUG;
				SWIFT_OPTIMIZATION_LEVEL = "-Onone";
			};
			name = Debug;
		};
		F48F4B6525E3BD71003E6C2A /* Release */ = {
			isa = XCBuildConfiguration;
			buildSettings = {
				ALWAYS_SEARCH_USER_PATHS = NO;
				CLANG_ANALYZER_NONNULL = YES;
				CLANG_ANALYZER_NUMBER_OBJECT_CONVERSION = YES_AGGRESSIVE;
				CLANG_CXX_LANGUAGE_STANDARD = "gnu++14";
				CLANG_CXX_LIBRARY = "libc++";
				CLANG_ENABLE_MODULES = YES;
				CLANG_ENABLE_OBJC_ARC = YES;
				CLANG_ENABLE_OBJC_WEAK = YES;
				CLANG_WARN_BLOCK_CAPTURE_AUTORELEASING = YES;
				CLANG_WARN_BOOL_CONVERSION = YES;
				CLANG_WARN_COMMA = YES;
				CLANG_WARN_CONSTANT_CONVERSION = YES;
				CLANG_WARN_DEPRECATED_OBJC_IMPLEMENTATIONS = YES;
				CLANG_WARN_DIRECT_OBJC_ISA_USAGE = YES_ERROR;
				CLANG_WARN_DOCUMENTATION_COMMENTS = YES;
				CLANG_WARN_EMPTY_BODY = YES;
				CLANG_WARN_ENUM_CONVERSION = YES;
				CLANG_WARN_INFINITE_RECURSION = YES;
				CLANG_WARN_INT_CONVERSION = YES;
				CLANG_WARN_NON_LITERAL_NULL_CONVERSION = YES;
				CLANG_WARN_OBJC_IMPLICIT_RETAIN_SELF = YES;
				CLANG_WARN_OBJC_LITERAL_CONVERSION = YES;
				CLANG_WARN_OBJC_ROOT_CLASS = YES_ERROR;
				CLANG_WARN_QUOTED_INCLUDE_IN_FRAMEWORK_HEADER = YES;
				CLANG_WARN_RANGE_LOOP_ANALYSIS = YES;
				CLANG_WARN_STRICT_PROTOTYPES = YES;
				CLANG_WARN_SUSPICIOUS_MOVE = YES;
				CLANG_WARN_UNGUARDED_AVAILABILITY = YES_AGGRESSIVE;
				CLANG_WARN_UNREACHABLE_CODE = YES;
				CLANG_WARN__DUPLICATE_METHOD_MATCH = YES;
				COPY_PHASE_STRIP = NO;
				DEBUG_INFORMATION_FORMAT = "dwarf-with-dsym";
				ENABLE_NS_ASSERTIONS = NO;
				ENABLE_STRICT_OBJC_MSGSEND = YES;
				GCC_C_LANGUAGE_STANDARD = gnu11;
				GCC_NO_COMMON_BLOCKS = YES;
				GCC_WARN_64_TO_32_BIT_CONVERSION = YES;
				GCC_WARN_ABOUT_RETURN_TYPE = YES_ERROR;
				GCC_WARN_UNDECLARED_SELECTOR = YES;
				GCC_WARN_UNINITIALIZED_AUTOS = YES_AGGRESSIVE;
				GCC_WARN_UNUSED_FUNCTION = YES;
				GCC_WARN_UNUSED_VARIABLE = YES;
				MTL_ENABLE_DEBUG_INFO = NO;
				MTL_FAST_MATH = YES;
				SWIFT_COMPILATION_MODE = wholemodule;
				SWIFT_OPTIMIZATION_LEVEL = "-O";
			};
			name = Release;
		};
		F48F4B6725E3BD71003E6C2A /* Debug */ = {
			isa = XCBuildConfiguration;
			buildSettings = {
				ASSETCATALOG_COMPILER_COMPLICATION_NAME = Complication;
				CODE_SIGN_STYLE = Automatic;
				CURRENT_PROJECT_VERSION = 2;
				DEVELOPMENT_ASSET_PATHS = "\"github-watch WatchKit Extension/Preview Content\"";
				DEVELOPMENT_TEAM = QH78WN2XWN;
				ENABLE_PREVIEWS = YES;
				INFOPLIST_FILE = "github-watch WatchKit Extension/Info.plist";
				LD_RUNPATH_SEARCH_PATHS = (
					"$(inherited)",
					"@executable_path/Frameworks",
					"@executable_path/../../Frameworks",
				);
				MARKETING_VERSION = 1.0.1;
				PRODUCT_BUNDLE_IDENTIFIER = "com.kaya.github-watch.watchkitapp.watchkitextension";
				PRODUCT_NAME = "${TARGET_NAME}";
				SDKROOT = watchos;
				SKIP_INSTALL = YES;
				SWIFT_VERSION = 5.0;
				TARGETED_DEVICE_FAMILY = 4;
				WATCHOS_DEPLOYMENT_TARGET = 7.0;
			};
			name = Debug;
		};
		F48F4B6825E3BD71003E6C2A /* Release */ = {
			isa = XCBuildConfiguration;
			buildSettings = {
				ASSETCATALOG_COMPILER_COMPLICATION_NAME = Complication;
				CODE_SIGN_STYLE = Automatic;
				CURRENT_PROJECT_VERSION = 2;
				DEVELOPMENT_ASSET_PATHS = "\"github-watch WatchKit Extension/Preview Content\"";
				DEVELOPMENT_TEAM = QH78WN2XWN;
				ENABLE_PREVIEWS = YES;
				INFOPLIST_FILE = "github-watch WatchKit Extension/Info.plist";
				LD_RUNPATH_SEARCH_PATHS = (
					"$(inherited)",
					"@executable_path/Frameworks",
					"@executable_path/../../Frameworks",
				);
				MARKETING_VERSION = 1.0.1;
				PRODUCT_BUNDLE_IDENTIFIER = "com.kaya.github-watch.watchkitapp.watchkitextension";
				PRODUCT_NAME = "${TARGET_NAME}";
				SDKROOT = watchos;
				SKIP_INSTALL = YES;
				SWIFT_VERSION = 5.0;
				TARGETED_DEVICE_FAMILY = 4;
				VALIDATE_PRODUCT = YES;
				WATCHOS_DEPLOYMENT_TARGET = 7.0;
			};
			name = Release;
		};
		F48F4B6B25E3BD71003E6C2A /* Debug */ = {
			isa = XCBuildConfiguration;
			buildSettings = {
				ALWAYS_EMBED_SWIFT_STANDARD_LIBRARIES = YES;
				ASSETCATALOG_COMPILER_APPICON_NAME = AppIcon;
				ASSETCATALOG_COMPILER_GLOBAL_ACCENT_COLOR_NAME = AccentColor;
				CODE_SIGN_STYLE = Automatic;
				CURRENT_PROJECT_VERSION = 2;
				DEVELOPMENT_TEAM = QH78WN2XWN;
				IBSC_MODULE = github_watch_WatchKit_Extension;
				INFOPLIST_FILE = "github-watch WatchKit App/Info.plist";
				MARKETING_VERSION = 1.0.1;
				PRODUCT_BUNDLE_IDENTIFIER = "com.kaya.github-watch.watchkitapp";
				PRODUCT_NAME = "$(TARGET_NAME)";
				SDKROOT = watchos;
				SKIP_INSTALL = YES;
				SWIFT_VERSION = 5.0;
				TARGETED_DEVICE_FAMILY = 4;
				WATCHOS_DEPLOYMENT_TARGET = 7.0;
			};
			name = Debug;
		};
		F48F4B6C25E3BD71003E6C2A /* Release */ = {
			isa = XCBuildConfiguration;
			buildSettings = {
				ALWAYS_EMBED_SWIFT_STANDARD_LIBRARIES = YES;
				ASSETCATALOG_COMPILER_APPICON_NAME = AppIcon;
				ASSETCATALOG_COMPILER_GLOBAL_ACCENT_COLOR_NAME = AccentColor;
				CODE_SIGN_STYLE = Automatic;
				CURRENT_PROJECT_VERSION = 2;
				DEVELOPMENT_TEAM = QH78WN2XWN;
				IBSC_MODULE = github_watch_WatchKit_Extension;
				INFOPLIST_FILE = "github-watch WatchKit App/Info.plist";
				MARKETING_VERSION = 1.0.1;
				PRODUCT_BUNDLE_IDENTIFIER = "com.kaya.github-watch.watchkitapp";
				PRODUCT_NAME = "$(TARGET_NAME)";
				SDKROOT = watchos;
				SKIP_INSTALL = YES;
				SWIFT_VERSION = 5.0;
				TARGETED_DEVICE_FAMILY = 4;
				VALIDATE_PRODUCT = YES;
				WATCHOS_DEPLOYMENT_TARGET = 7.0;
			};
			name = Release;
		};
		F48F4B6F25E3BD71003E6C2A /* Debug */ = {
			isa = XCBuildConfiguration;
			buildSettings = {
				ASSETCATALOG_COMPILER_APPICON_NAME = AppIcon;
				ASSETCATALOG_COMPILER_GLOBAL_ACCENT_COLOR_NAME = AccentColor;
				CODE_SIGN_ENTITLEMENTS = "github-watch/github-watch.entitlements";
				CODE_SIGN_STYLE = Automatic;
				CURRENT_PROJECT_VERSION = 2;
				DEVELOPMENT_ASSET_PATHS = "\"github-watch/Preview Content\"";
				DEVELOPMENT_TEAM = QH78WN2XWN;
				ENABLE_PREVIEWS = YES;
				INFOPLIST_FILE = "github-watch/Info.plist";
				IPHONEOS_DEPLOYMENT_TARGET = 14.1;
				LD_RUNPATH_SEARCH_PATHS = (
					"$(inherited)",
					"@executable_path/Frameworks",
				);
				MARKETING_VERSION = 1.0.1;
				PRODUCT_BUNDLE_IDENTIFIER = "com.kaya.github-watch";
				PRODUCT_NAME = "$(TARGET_NAME)";
				SDKROOT = iphoneos;
				SWIFT_VERSION = 5.0;
				TARGETED_DEVICE_FAMILY = 1;
			};
			name = Debug;
		};
		F48F4B7025E3BD71003E6C2A /* Release */ = {
			isa = XCBuildConfiguration;
			buildSettings = {
				ASSETCATALOG_COMPILER_APPICON_NAME = AppIcon;
				ASSETCATALOG_COMPILER_GLOBAL_ACCENT_COLOR_NAME = AccentColor;
				CODE_SIGN_ENTITLEMENTS = "github-watch/github-watch.entitlements";
				CODE_SIGN_STYLE = Automatic;
				CURRENT_PROJECT_VERSION = 2;
				DEVELOPMENT_ASSET_PATHS = "\"github-watch/Preview Content\"";
				DEVELOPMENT_TEAM = QH78WN2XWN;
				ENABLE_PREVIEWS = YES;
				INFOPLIST_FILE = "github-watch/Info.plist";
				IPHONEOS_DEPLOYMENT_TARGET = 14.1;
				LD_RUNPATH_SEARCH_PATHS = (
					"$(inherited)",
					"@executable_path/Frameworks",
				);
				MARKETING_VERSION = 1.0.1;
				PRODUCT_BUNDLE_IDENTIFIER = "com.kaya.github-watch";
				PRODUCT_NAME = "$(TARGET_NAME)";
				SDKROOT = iphoneos;
				SWIFT_VERSION = 5.0;
				TARGETED_DEVICE_FAMILY = 1;
				VALIDATE_PRODUCT = YES;
			};
			name = Release;
		};
		F48F4B7225E3BD71003E6C2A /* Debug */ = {
			isa = XCBuildConfiguration;
			buildSettings = {
				ALWAYS_EMBED_SWIFT_STANDARD_LIBRARIES = YES;
				BUNDLE_LOADER = "$(TEST_HOST)";
				CODE_SIGN_STYLE = Automatic;
				DEVELOPMENT_TEAM = QH78WN2XWN;
				INFOPLIST_FILE = "github-watchTests/Info.plist";
				IPHONEOS_DEPLOYMENT_TARGET = 14.4;
				LD_RUNPATH_SEARCH_PATHS = (
					"$(inherited)",
					"@executable_path/Frameworks",
					"@loader_path/Frameworks",
				);
				PRODUCT_BUNDLE_IDENTIFIER = "com.kaya.github-watchTests";
				PRODUCT_NAME = "$(TARGET_NAME)";
				SDKROOT = iphoneos;
				SWIFT_VERSION = 5.0;
				TARGETED_DEVICE_FAMILY = "1,2";
				TEST_HOST = "$(BUILT_PRODUCTS_DIR)/github-watch.app/github-watch";
			};
			name = Debug;
		};
		F48F4B7325E3BD71003E6C2A /* Release */ = {
			isa = XCBuildConfiguration;
			buildSettings = {
				ALWAYS_EMBED_SWIFT_STANDARD_LIBRARIES = YES;
				BUNDLE_LOADER = "$(TEST_HOST)";
				CODE_SIGN_STYLE = Automatic;
				DEVELOPMENT_TEAM = QH78WN2XWN;
				INFOPLIST_FILE = "github-watchTests/Info.plist";
				IPHONEOS_DEPLOYMENT_TARGET = 14.4;
				LD_RUNPATH_SEARCH_PATHS = (
					"$(inherited)",
					"@executable_path/Frameworks",
					"@loader_path/Frameworks",
				);
				PRODUCT_BUNDLE_IDENTIFIER = "com.kaya.github-watchTests";
				PRODUCT_NAME = "$(TARGET_NAME)";
				SDKROOT = iphoneos;
				SWIFT_VERSION = 5.0;
				TARGETED_DEVICE_FAMILY = "1,2";
				TEST_HOST = "$(BUILT_PRODUCTS_DIR)/github-watch.app/github-watch";
				VALIDATE_PRODUCT = YES;
			};
			name = Release;
		};
		F48F4B7525E3BD71003E6C2A /* Debug */ = {
			isa = XCBuildConfiguration;
			buildSettings = {
				ALWAYS_EMBED_SWIFT_STANDARD_LIBRARIES = YES;
				CODE_SIGN_STYLE = Automatic;
				DEVELOPMENT_TEAM = QH78WN2XWN;
				INFOPLIST_FILE = "github-watchUITests/Info.plist";
				IPHONEOS_DEPLOYMENT_TARGET = 14.4;
				LD_RUNPATH_SEARCH_PATHS = (
					"$(inherited)",
					"@executable_path/Frameworks",
					"@loader_path/Frameworks",
				);
				PRODUCT_BUNDLE_IDENTIFIER = "com.kaya.github-watchUITests";
				PRODUCT_NAME = "$(TARGET_NAME)";
				SDKROOT = iphoneos;
				SWIFT_VERSION = 5.0;
				TARGETED_DEVICE_FAMILY = "1,2";
				TEST_TARGET_NAME = "github-watch";
			};
			name = Debug;
		};
		F48F4B7625E3BD71003E6C2A /* Release */ = {
			isa = XCBuildConfiguration;
			buildSettings = {
				ALWAYS_EMBED_SWIFT_STANDARD_LIBRARIES = YES;
				CODE_SIGN_STYLE = Automatic;
				DEVELOPMENT_TEAM = QH78WN2XWN;
				INFOPLIST_FILE = "github-watchUITests/Info.plist";
				IPHONEOS_DEPLOYMENT_TARGET = 14.4;
				LD_RUNPATH_SEARCH_PATHS = (
					"$(inherited)",
					"@executable_path/Frameworks",
					"@loader_path/Frameworks",
				);
				PRODUCT_BUNDLE_IDENTIFIER = "com.kaya.github-watchUITests";
				PRODUCT_NAME = "$(TARGET_NAME)";
				SDKROOT = iphoneos;
				SWIFT_VERSION = 5.0;
				TARGETED_DEVICE_FAMILY = "1,2";
				TEST_TARGET_NAME = "github-watch";
				VALIDATE_PRODUCT = YES;
			};
			name = Release;
		};
/* End XCBuildConfiguration section */

/* Begin XCConfigurationList section */
		F48F4B1825E3BD6A003E6C2A /* Build configuration list for PBXProject "github-watch" */ = {
			isa = XCConfigurationList;
			buildConfigurations = (
				F48F4B6425E3BD71003E6C2A /* Debug */,
				F48F4B6525E3BD71003E6C2A /* Release */,
			);
			defaultConfigurationIsVisible = 0;
			defaultConfigurationName = Release;
		};
		F48F4B6625E3BD71003E6C2A /* Build configuration list for PBXNativeTarget "github-watch WatchKit Extension" */ = {
			isa = XCConfigurationList;
			buildConfigurations = (
				F48F4B6725E3BD71003E6C2A /* Debug */,
				F48F4B6825E3BD71003E6C2A /* Release */,
			);
			defaultConfigurationIsVisible = 0;
			defaultConfigurationName = Release;
		};
		F48F4B6A25E3BD71003E6C2A /* Build configuration list for PBXNativeTarget "github-watch WatchKit App" */ = {
			isa = XCConfigurationList;
			buildConfigurations = (
				F48F4B6B25E3BD71003E6C2A /* Debug */,
				F48F4B6C25E3BD71003E6C2A /* Release */,
			);
			defaultConfigurationIsVisible = 0;
			defaultConfigurationName = Release;
		};
		F48F4B6E25E3BD71003E6C2A /* Build configuration list for PBXNativeTarget "github-watch" */ = {
			isa = XCConfigurationList;
			buildConfigurations = (
				F48F4B6F25E3BD71003E6C2A /* Debug */,
				F48F4B7025E3BD71003E6C2A /* Release */,
			);
			defaultConfigurationIsVisible = 0;
			defaultConfigurationName = Release;
		};
		F48F4B7125E3BD71003E6C2A /* Build configuration list for PBXNativeTarget "github-watchTests" */ = {
			isa = XCConfigurationList;
			buildConfigurations = (
				F48F4B7225E3BD71003E6C2A /* Debug */,
				F48F4B7325E3BD71003E6C2A /* Release */,
			);
			defaultConfigurationIsVisible = 0;
			defaultConfigurationName = Release;
		};
		F48F4B7425E3BD71003E6C2A /* Build configuration list for PBXNativeTarget "github-watchUITests" */ = {
			isa = XCConfigurationList;
			buildConfigurations = (
				F48F4B7525E3BD71003E6C2A /* Debug */,
				F48F4B7625E3BD71003E6C2A /* Release */,
			);
			defaultConfigurationIsVisible = 0;
			defaultConfigurationName = Release;
		};
/* End XCConfigurationList section */

/* Begin XCRemoteSwiftPackageReference section */
		F48F4BDA25E3C37D003E6C2A /* XCRemoteSwiftPackageReference "SwiftUI-WebView" */ = {
			isa = XCRemoteSwiftPackageReference;
			repositoryURL = "https://github.com/kylehickinson/SwiftUI-WebView.git";
			requirement = {
				kind = upToNextMajorVersion;
				minimumVersion = 0.3.0;
			};
		};
		F48F4BE225E3C3A5003E6C2A /* XCRemoteSwiftPackageReference "SwiftyJSON" */ = {
			isa = XCRemoteSwiftPackageReference;
			repositoryURL = "https://github.com/SwiftyJSON/SwiftyJSON.git";
			requirement = {
				kind = upToNextMajorVersion;
				minimumVersion = 5.0.0;
			};
		};
		F48F4CBF25E43DC6003E6C2A /* XCRemoteSwiftPackageReference "url-image" */ = {
			isa = XCRemoteSwiftPackageReference;
			repositoryURL = "https://github.com/dmytro-anokhin/url-image.git";
			requirement = {
				kind = upToNextMajorVersion;
				minimumVersion = 2.2.3;
			};
		};
		F49A66A325E525C800F7893C /* XCRemoteSwiftPackageReference "Parma" */ = {
			isa = XCRemoteSwiftPackageReference;
			repositoryURL = "https://github.com/iberatkaya/Parma";
			requirement = {
				branch = main;
				kind = branch;
			};
		};
/* End XCRemoteSwiftPackageReference section */

/* Begin XCSwiftPackageProductDependency section */
		F48F4BDB25E3C37D003E6C2A /* WebView */ = {
			isa = XCSwiftPackageProductDependency;
			package = F48F4BDA25E3C37D003E6C2A /* XCRemoteSwiftPackageReference "SwiftUI-WebView" */;
			productName = WebView;
		};
		F48F4BE325E3C3A5003E6C2A /* SwiftyJSON */ = {
			isa = XCSwiftPackageProductDependency;
			package = F48F4BE225E3C3A5003E6C2A /* XCRemoteSwiftPackageReference "SwiftyJSON" */;
			productName = SwiftyJSON;
		};
		F48F4C6D25E40EE3003E6C2A /* SwiftyJSON */ = {
			isa = XCSwiftPackageProductDependency;
			package = F48F4BE225E3C3A5003E6C2A /* XCRemoteSwiftPackageReference "SwiftyJSON" */;
			productName = SwiftyJSON;
		};
		F48F4CC025E43DC6003E6C2A /* URLImage */ = {
			isa = XCSwiftPackageProductDependency;
			package = F48F4CBF25E43DC6003E6C2A /* XCRemoteSwiftPackageReference "url-image" */;
			productName = URLImage;
		};
		F49A66A425E525C800F7893C /* Parma */ = {
			isa = XCSwiftPackageProductDependency;
			package = F49A66A325E525C800F7893C /* XCRemoteSwiftPackageReference "Parma" */;
			productName = Parma;
		};
/* End XCSwiftPackageProductDependency section */
	};
	rootObject = F48F4B1525E3BD6A003E6C2A /* Project object */;
}
